
Microsoft Visual Studio Solution File, Format Version 12.00
# Visual Studio Version 17
VisualStudioVersion = 17.7.34031.279
MinimumVisualStudioVersion = 10.0.40219.1
Project("{FAE04EC0-301F-11D3-BF4B-00C04F79EFBC}") = "Aufgabenblatt01", "Aufgabenblatt01\Aufgabenblatt01.csproj", "{4FD9018C-DF7F-47AE-A732-73D0D6666370}"
EndProject
Global
	GlobalSection(SolutionConfigurationPlatforms) = preSolution
		Debug|Any CPU = Debug|Any CPU
		Release|Any CPU = Release|Any CPU
	EndGlobalSection
	GlobalSection(ProjectConfigurationPlatforms) = postSolution
		{4FD9018C-DF7F-47AE-A732-73D0D6666370}.Debug|Any CPU.ActiveCfg = Debug|Any CPU
		{4FD9018C-DF7F-47AE-A732-73D0D6666370}.Debug|Any CPU.Build.0 = Debug|Any CPU
		{4FD9018C-DF7F-47AE-A732-73D0D6666370}.Release|Any CPU.ActiveCfg = Release|Any CPU
		{4FD9018C-DF7F-47AE-A732-73D0D6666370}.Release|Any CPU.Build.0 = Release|Any CPU
	EndGlobalSection
	GlobalSection(SolutionProperties) = preSolution
		HideSolutionNode = FALSE
	EndGlobalSection
	GlobalSection(ExtensibilityGlobals) = postSolution
		SolutionGuid = {86725593-EBD3-4F5E-A649-EE7D26DE7D0A}
	EndGlobalSection
EndGlobal
